{
  "name": "pixi-devcontainer",
  "lockfileVersion": 3,
  "requires": true,
  "packages": {
    "": {
      "dependencies": {
        "@devcontainers/cli": "^0.55.0",
        "dprint": "^0.44.0",
        "replace-json-property": "^1.9.0"
      }
    },
    "node_modules/@devcontainers/cli": {
      "version": "0.55.0",
      "resolved": "https://registry.npmjs.org/@devcontainers/cli/-/cli-0.55.0.tgz",
      "integrity": "sha512-U7wCt82wT3kB88dNCibUZiMfS8fw5T3iXHhqnss7d0oJsU5H42RwU4VgiT/Gx+xr+bGTReDWvw/zudsynyHozQ==",
      "bin": {
        "devcontainer": "devcontainer.js"
      },
      "engines": {
        "node": "^16.13.0 || >=18.0.0"
      }
    },
    "node_modules/@dprint/darwin-arm64": {
      "version": "0.44.0",
      "resolved": "https://registry.npmjs.org/@dprint/darwin-arm64/-/darwin-arm64-0.44.0.tgz",
      "integrity": "sha512-6MlycQuH1rojgssK6D8CzaEC+rTZCfoHh/QHyZJcjJqIoj1KXGTL+UUTvJ+iGuMMJ1gchsyl0UCVDJ5UE/BBdA==",
      "cpu": [
        "arm64"
      ],
      "optional": true,
      "os": [
        "darwin"
      ]
    },
    "node_modules/@dprint/darwin-x64": {
      "version": "0.44.0",
      "resolved": "https://registry.npmjs.org/@dprint/darwin-x64/-/darwin-x64-0.44.0.tgz",
      "integrity": "sha512-TKt/qCCVlf2imq1HDSrdpyWFfzySPlSBmaWAg5qADftQWMp2/egQWzqhw92U2x62aoZ0CRcP5BZE8aVIigPELg==",
      "cpu": [
        "x64"
      ],
      "optional": true,
      "os": [
        "darwin"
      ]
    },
    "node_modules/@dprint/linux-arm64-glibc": {
      "version": "0.44.0",
      "resolved": "https://registry.npmjs.org/@dprint/linux-arm64-glibc/-/linux-arm64-glibc-0.44.0.tgz",
      "integrity": "sha512-CgGuIFlytPzGMg7trFUtAJm0U7i3dBsp2OZbH2jHNBNC6vODHv1GgZFq4tQpMNPBiJRK+9eVlwHifWoEaVIRXg==",
      "cpu": [
        "arm64"
      ],
      "optional": true,
      "os": [
        "linux"
      ]
    },
    "node_modules/@dprint/linux-arm64-musl": {
      "version": "0.44.0",
      "resolved": "https://registry.npmjs.org/@dprint/linux-arm64-musl/-/linux-arm64-musl-0.44.0.tgz",
      "integrity": "sha512-rvs8jDYRqszjoabbycEd32Iob0R6jLjLpnN35e/jOGrguvJj0/TAumWp85O3viB7DVC7qxahgZft0XlhPEHrUQ==",
      "cpu": [
        "arm64"
      ],
      "optional": true,
      "os": [
        "linux"
      ]
    },
    "node_modules/@dprint/linux-x64-glibc": {
      "version": "0.44.0",
      "resolved": "https://registry.npmjs.org/@dprint/linux-x64-glibc/-/linux-x64-glibc-0.44.0.tgz",
      "integrity": "sha512-/3y4FsYcS+W25/o5yYjO0A9800woZ93b+Htlp7aIHdM53G0canw2306SoyvIZ+tNSaVegbSU9i21i4FLhNMN6g==",
      "cpu": [
        "x64"
      ],
      "optional": true,
      "os": [
        "linux"
      ]
    },
    "node_modules/@dprint/linux-x64-musl": {
      "version": "0.44.0",
      "resolved": "https://registry.npmjs.org/@dprint/linux-x64-musl/-/linux-x64-musl-0.44.0.tgz",
      "integrity": "sha512-XWclrKFozgNoeFZ4ULuwgUh+6tN7zn2tH8SmY8VwwaBsCX3FjCwk2Qx11rRqMmD9oJmu8KqWexSW6kY3Fxjh/g==",
      "cpu": [
        "x64"
      ],
      "optional": true,
      "os": [
        "linux"
      ]
    },
    "node_modules/@dprint/win32-x64": {
      "version": "0.44.0",
      "resolved": "https://registry.npmjs.org/@dprint/win32-x64/-/win32-x64-0.44.0.tgz",
      "integrity": "sha512-od8W35aAwC1Ah3Zqw5q4w8aNHfABIiKssURF03IlFljAS5xZ4yt7JDkUwaFeLB/Xsh6Jka4YmbOWDrtEUoXY9Q==",
      "cpu": [
        "x64"
      ],
      "optional": true,
      "os": [
        "win32"
      ]
    },
    "node_modules/ansi-styles": {
      "version": "4.3.0",
      "resolved": "https://registry.npmjs.org/ansi-styles/-/ansi-styles-4.3.0.tgz",
      "integrity": "sha512-zbB9rCJAT1rbjiVDb2hqKFHNYLxgtk8NURxZ3IZwD3F6NtxbXZQCnnSi1Lkx+IDohdPlFp222wVALIheZJQSEg==",
      "dependencies": {
        "color-convert": "^2.0.1"
      },
      "engines": {
        "node": ">=8"
      },
      "funding": {
        "url": "https://github.com/chalk/ansi-styles?sponsor=1"
      }
    },
    "node_modules/chalk": {
      "version": "4.1.2",
      "resolved": "https://registry.npmjs.org/chalk/-/chalk-4.1.2.tgz",
      "integrity": "sha512-oKnbhFyRIXpUuez8iBMmyEa4nbj4IOQyuhc/wy9kY7/WVPcwIO9VA668Pu8RkO7+0G76SLROeyw9CpQ061i4mA==",
      "dependencies": {
        "ansi-styles": "^4.1.0",
        "supports-color": "^7.1.0"
      },
      "engines": {
        "node": ">=10"
      },
      "funding": {
        "url": "https://github.com/chalk/chalk?sponsor=1"
      }
    },
    "node_modules/color-convert": {
      "version": "2.0.1",
      "resolved": "https://registry.npmjs.org/color-convert/-/color-convert-2.0.1.tgz",
      "integrity": "sha512-RRECPsj7iu/xb5oKYcsFHSppFNnsj/52OVTRKb4zP5onXwVF3zVmmToNcOfGC+CRDpfK/U584fMg38ZHCaElKQ==",
      "dependencies": {
        "color-name": "~1.1.4"
      },
      "engines": {
        "node": ">=7.0.0"
      }
    },
    "node_modules/color-name": {
      "version": "1.1.4",
      "resolved": "https://registry.npmjs.org/color-name/-/color-name-1.1.4.tgz",
      "integrity": "sha512-dOy+3AuW3a2wNbZHIuMZpTcgjGuLU/uBL/ubcZF9OXbDo8ff4O8yVp5Bf0efS8uEoYo5q4Fx7dY9OgQGXgAsQA=="
    },
    "node_modules/commander": {
      "version": "2.20.3",
      "resolved": "https://registry.npmjs.org/commander/-/commander-2.20.3.tgz",
      "integrity": "sha512-GpVkmM8vF2vQUkj2LvZmD35JxeJOLCwJ9cUkugyk2nuhbv3+mJvpLYYt+0+USMxE+oj+ey/lJEnhZw75x/OMcQ=="
    },
    "node_modules/dprint": {
      "version": "0.44.0",
      "resolved": "https://registry.npmjs.org/dprint/-/dprint-0.44.0.tgz",
      "integrity": "sha512-35gviJKVxK6x48EMBZq3/oBLDRoBF9nDXTxYbl+T/lgCUaW3dccccZfuvIJ1rvq1pFlHt8wVyw8ZDZA9ALMfhA==",
      "hasInstallScript": true,
      "bin": {
        "dprint": "bin.js"
      },
      "optionalDependencies": {
        "@dprint/darwin-arm64": "0.44.0",
        "@dprint/darwin-x64": "0.44.0",
        "@dprint/linux-arm64-glibc": "0.44.0",
        "@dprint/linux-arm64-musl": "0.44.0",
        "@dprint/linux-x64-glibc": "0.44.0",
        "@dprint/linux-x64-musl": "0.44.0",
        "@dprint/win32-x64": "0.44.0"
      }
    },
    "node_modules/graceful-fs": {
      "version": "4.2.11",
      "resolved": "https://registry.npmjs.org/graceful-fs/-/graceful-fs-4.2.11.tgz",
      "integrity": "sha512-RbJ5/jmFcNNCcDV5o9eTnBLJ/HszWV0P73bc+Ff4nS/rJj+YaS6IGyiOL0VoBYX+l1Wrl3k63h/KrH+nhJ0XvQ==",
      "optional": true
    },
    "node_modules/has-flag": {
      "version": "4.0.0",
      "resolved": "https://registry.npmjs.org/has-flag/-/has-flag-4.0.0.tgz",
      "integrity": "sha512-EykJT/Q1KjTWctppgIAgfSO0tKVuZUjhgMr17kqTumMl6Afv3EISleU7qZUzoXDFTAHTDC4NOoG/ZxU3EvlMPQ==",
      "engines": {
        "node": ">=8"
      }
    },
    "node_modules/jsonfile": {
      "version": "5.0.0",
      "resolved": "https://registry.npmjs.org/jsonfile/-/jsonfile-5.0.0.tgz",
      "integrity": "sha512-NQRZ5CRo74MhMMC3/3r5g2k4fjodJ/wh8MxjFbCViWKFjxrnudWSY5vomh+23ZaXzAS7J3fBZIR2dV6WbmfM0w==",
      "dependencies": {
        "universalify": "^0.1.2"
      },
      "optionalDependencies": {
        "graceful-fs": "^4.1.6"
      }
    },
    "node_modules/replace-json-property": {
      "version": "1.9.0",
      "resolved": "https://registry.npmjs.org/replace-json-property/-/replace-json-property-1.9.0.tgz",
      "integrity": "sha512-+X6pZXsXSUKT9OzpJQjeDgLp9d0Ck7fsLZcNLhVL29XkwmB5oBz5T3fovs23/P0rLpzbCXrzG9/mbnyDrau+pw==",
      "dependencies": {
        "chalk": "^4.1.0",
        "commander": "^2.19.0",
        "jsonfile": "^5.0.0"
      },
      "bin": {
        "replace-json-property": "bin/replace-json-property.bin.js",
        "rjp": "bin/replace-json-property.bin.js"
      }
    },
    "node_modules/supports-color": {
      "version": "7.2.0",
      "resolved": "https://registry.npmjs.org/supports-color/-/supports-color-7.2.0.tgz",
      "integrity": "sha512-qpCAvRl9stuOHveKsn7HncJRvv501qIacKzQlO/+Lwxc9+0q2wLyv4Dfvt80/DPn2pqOBsJdDiogXGR9+OvwRw==",
      "dependencies": {
        "has-flag": "^4.0.0"
      },
      "engines": {
        "node": ">=8"
      }
    },
    "node_modules/universalify": {
      "version": "0.1.2",
      "resolved": "https://registry.npmjs.org/universalify/-/universalify-0.1.2.tgz",
      "integrity": "sha512-rBJeI5CXAlmy1pV+617WB9J63U6XcazHHF2f2dbJix4XzpUF0RS3Zbj0FGIOCAva5P/d/GBOYaACQ1w+0azUkg==",
      "engines": {
        "node": ">= 4.0.0"
      }
    }
  }
}
